// !$*UTF8*$!
{
	archiveVersion = 1;
	classes = {
	};
	objectVersion = 48;
	objects = {

/* Begin PBXBuildFile section */
		18A4C9F22033889D00C216C3 /* AppDelegate.swift in Sources */ = {isa = PBXBuildFile; fileRef = 18A4C9F12033889D00C216C3 /* AppDelegate.swift */; };
		18A4C9F92033889D00C216C3 /* Assets.xcassets in Resources */ = {isa = PBXBuildFile; fileRef = 18A4C9F82033889D00C216C3 /* Assets.xcassets */; };
		18A4C9FC2033889D00C216C3 /* LaunchScreen.storyboard in Resources */ = {isa = PBXBuildFile; fileRef = 18A4C9FA2033889D00C216C3 /* LaunchScreen.storyboard */; };
		18A4CA0520338B7F00C216C3 /* MainTabBarViewController.swift in Sources */ = {isa = PBXBuildFile; fileRef = 18A4CA0420338B7F00C216C3 /* MainTabBarViewController.swift */; };
		18A4CA0820339A5400C216C3 /* MeetingCell.swift in Sources */ = {isa = PBXBuildFile; fileRef = 18A4CA0720339A5400C216C3 /* MeetingCell.swift */; };
		18A4CA0A20339D7F00C216C3 /* MeetingController.swift in Sources */ = {isa = PBXBuildFile; fileRef = 18A4CA0920339D7F00C216C3 /* MeetingController.swift */; };
		18A4CA0C2034667D00C216C3 /* LoginPageView.swift in Sources */ = {isa = PBXBuildFile; fileRef = 18A4CA0B2034667D00C216C3 /* LoginPageView.swift */; };
/* End PBXBuildFile section */

/* Begin PBXFileReference section */
		18A4C9EE2033889D00C216C3 /* UAE.app */ = {isa = PBXFileReference; explicitFileType = wrapper.application; includeInIndex = 0; path = UAE.app; sourceTree = BUILT_PRODUCTS_DIR; };
		18A4C9F12033889D00C216C3 /* AppDelegate.swift */ = {isa = PBXFileReference; lastKnownFileType = sourcecode.swift; path = AppDelegate.swift; sourceTree = "<group>"; };
		18A4C9F82033889D00C216C3 /* Assets.xcassets */ = {isa = PBXFileReference; lastKnownFileType = folder.assetcatalog; path = Assets.xcassets; sourceTree = "<group>"; };
		18A4C9FB2033889D00C216C3 /* Base */ = {isa = PBXFileReference; lastKnownFileType = file.storyboard; name = Base; path = Base.lproj/LaunchScreen.storyboard; sourceTree = "<group>"; };
		18A4C9FD2033889D00C216C3 /* Info.plist */ = {isa = PBXFileReference; lastKnownFileType = text.plist.xml; path = Info.plist; sourceTree = "<group>"; };
		18A4CA0420338B7F00C216C3 /* MainTabBarViewController.swift */ = {isa = PBXFileReference; lastKnownFileType = sourcecode.swift; path = MainTabBarViewController.swift; sourceTree = "<group>"; };
		18A4CA0720339A5400C216C3 /* MeetingCell.swift */ = {isa = PBXFileReference; lastKnownFileType = sourcecode.swift; path = MeetingCell.swift; sourceTree = "<group>"; };
		18A4CA0920339D7F00C216C3 /* MeetingController.swift */ = {isa = PBXFileReference; lastKnownFileType = sourcecode.swift; path = MeetingController.swift; sourceTree = "<group>"; };
		18A4CA0B2034667D00C216C3 /* LoginPageView.swift */ = {isa = PBXFileReference; lastKnownFileType = sourcecode.swift; path = LoginPageView.swift; sourceTree = "<group>"; };
/* End PBXFileReference section */

/* Begin PBXFrameworksBuildPhase section */
		18A4C9EB2033889D00C216C3 /* Frameworks */ = {
			isa = PBXFrameworksBuildPhase;
			buildActionMask = 2147483647;
			files = (
			);
			runOnlyForDeploymentPostprocessing = 0;
		};
/* End PBXFrameworksBuildPhase section */

/* Begin PBXGroup section */
		18A4C9E52033889D00C216C3 = {
			isa = PBXGroup;
			children = (
				18A4C9F02033889D00C216C3 /* UAE */,
				18A4C9EF2033889D00C216C3 /* Products */,
			);
			sourceTree = "<group>";
		};
		18A4C9EF2033889D00C216C3 /* Products */ = {
			isa = PBXGroup;
			children = (
				18A4C9EE2033889D00C216C3 /* UAE.app */,
			);
			name = Products;
			sourceTree = "<group>";
		};
		18A4C9F02033889D00C216C3 /* UAE */ = {
			isa = PBXGroup;
			children = (
				18A4CA0620339A4100C216C3 /* Views */,
				18A4CA0320338B5D00C216C3 /* Controllers */,
				18A4C9F12033889D00C216C3 /* AppDelegate.swift */,
				18A4C9F82033889D00C216C3 /* Assets.xcassets */,
				18A4C9FA2033889D00C216C3 /* LaunchScreen.storyboard */,
				18A4C9FD2033889D00C216C3 /* Info.plist */,
			);
			path = UAE;
			sourceTree = "<group>";
		};
		18A4CA0320338B5D00C216C3 /* Controllers */ = {
			isa = PBXGroup;
			children = (
				18A4CA0420338B7F00C216C3 /* MainTabBarViewController.swift */,
				18A4CA0920339D7F00C216C3 /* MeetingController.swift */,
			);
			path = Controllers;
			sourceTree = "<group>";
		};
		18A4CA0620339A4100C216C3 /* Views */ = {
			isa = PBXGroup;
			children = (
				18A4CA0720339A5400C216C3 /* MeetingCell.swift */,
				18A4CA0B2034667D00C216C3 /* LoginPageView.swift */,
			);
			path = Views;
			sourceTree = "<group>";
		};
/* End PBXGroup section */

/* Begin PBXNativeTarget section */
		18A4C9ED2033889D00C216C3 /* UAE */ = {
			isa = PBXNativeTarget;
			buildConfigurationList = 18A4CA002033889D00C216C3 /* Build configuration list for PBXNativeTarget "UAE" */;
			buildPhases = (
				18A4C9EA2033889D00C216C3 /* Sources */,
				18A4C9EB2033889D00C216C3 /* Frameworks */,
				18A4C9EC2033889D00C216C3 /* Resources */,
			);
			buildRules = (
			);
			dependencies = (
			);
			name = UAE;
			productName = UAE;
			productReference = 18A4C9EE2033889D00C216C3 /* UAE.app */;
			productType = "com.apple.product-type.application";
		};
/* End PBXNativeTarget section */

/* Begin PBXProject section */
		18A4C9E62033889D00C216C3 /* Project object */ = {
			isa = PBXProject;
			attributes = {
				LastSwiftUpdateCheck = 0920;
				LastUpgradeCheck = 0920;
				ORGANIZATIONNAME = syntaxerror;
				TargetAttributes = {
					18A4C9ED2033889D00C216C3 = {
						CreatedOnToolsVersion = 9.2;
						ProvisioningStyle = Automatic;
					};
				};
			};
			buildConfigurationList = 18A4C9E92033889D00C216C3 /* Build configuration list for PBXProject "UAE" */;
			compatibilityVersion = "Xcode 8.0";
			developmentRegion = en;
			hasScannedForEncodings = 0;
			knownRegions = (
				en,
				Base,
			);
			mainGroup = 18A4C9E52033889D00C216C3;
			productRefGroup = 18A4C9EF2033889D00C216C3 /* Products */;
			projectDirPath = "";
			projectRoot = "";
			targets = (
				18A4C9ED2033889D00C216C3 /* UAE */,
			);
		};
/* End PBXProject section */

/* Begin PBXResourcesBuildPhase section */
		18A4C9EC2033889D00C216C3 /* Resources */ = {
			isa = PBXResourcesBuildPhase;
			buildActionMask = 2147483647;
			files = (
				18A4C9FC2033889D00C216C3 /* LaunchScreen.storyboard in Resources */,
				18A4C9F92033889D00C216C3 /* Assets.xcassets in Resources */,
			);
			runOnlyForDeploymentPostprocessing = 0;
		};
/* End PBXResourcesBuildPhase section */

/* Begin PBXSourcesBuildPhase section */
		18A4C9EA2033889D00C216C3 /* Sources */ = {
			isa = PBXSourcesBuildPhase;
			buildActionMask = 2147483647;
			files = (
				18A4C9F22033889D00C216C3 /* AppDelegate.swift in Sources */,
				18A4CA0820339A5400C216C3 /* MeetingCell.swift in Sources */,
				18A4CA0520338B7F00C216C3 /* MainTabBarViewController.swift in Sources */,
				18A4CA0C2034667D00C216C3 /* LoginPageView.swift in Sources */,
				18A4CA0A20339D7F00C216C3 /* MeetingController.swift in Sources */,
			);
			runOnlyForDeploymentPostprocessing = 0;
		};
/* End PBXSourcesBuildPhase section */

/* Begin PBXVariantGroup section */
		18A4C9FA2033889D00C216C3 /* LaunchScreen.storyboard */ = {
			isa = PBXVariantGroup;
			children = (
				18A4C9FB2033889D00C216C3 /* Base */,
			);
			name = LaunchScreen.storyboard;
			sourceTree = "<group>";
		};
/* End PBXVariantGroup section */

/* Begin XCBuildConfiguration section */
		18A4C9FE2033889D00C216C3 /* Debug */ = {
			isa = XCBuildConfiguration;
			buildSettings = {
				ALWAYS_SEARCH_USER_PATHS = NO;
				CLANG_ANALYZER_NONNULL = YES;
				CLANG_ANALYZER_NUMBER_OBJECT_CONVERSION = YES_AGGRESSIVE;
				CLANG_CXX_LANGUAGE_STANDARD = "gnu++14";
				CLANG_CXX_LIBRARY = "libc++";
				CLANG_ENABLE_MODULES = YES;
				CLANG_ENABLE_OBJC_ARC = YES;
				CLANG_WARN_BLOCK_CAPTURE_AUTORELEASING = YES;
				CLANG_WARN_BOOL_CONVERSION = YES;
				CLANG_WARN_COMMA = YES;
				CLANG_WARN_CONSTANT_CONVERSION = YES;
				CLANG_WARN_DIRECT_OBJC_ISA_USAGE = YES_ERROR;
				CLANG_WARN_DOCUMENTATION_COMMENTS = YES;
				CLANG_WARN_EMPTY_BODY = YES;
				CLANG_WARN_ENUM_CONVERSION = YES;
				CLANG_WARN_INFINITE_RECURSION = YES;
				CLANG_WARN_INT_CONVERSION = YES;
				CLANG_WARN_NON_LITERAL_NULL_CONVERSION = YES;
				CLANG_WARN_OBJC_LITERAL_CONVERSION = YES;
				CLANG_WARN_OBJC_ROOT_CLASS = YES_ERROR;
				CLANG_WARN_RANGE_LOOP_ANALYSIS = YES;
				CLANG_WARN_STRICT_PROTOTYPES = YES;
				CLANG_WARN_SUSPICIOUS_MOVE = YES;
				CLANG_WARN_UNGUARDED_AVAILABILITY = YES_AGGRESSIVE;
				CLANG_WARN_UNREACHABLE_CODE = YES;
				CLANG_WARN__DUPLICATE_METHOD_MATCH = YES;
				CODE_SIGN_IDENTITY = "iPhone Developer";
				COPY_PHASE_STRIP = NO;
				DEBUG_INFORMATION_FORMAT = dwarf;
				ENABLE_STRICT_OBJC_MSGSEND = YES;
				ENABLE_TESTABILITY = YES;
				GCC_C_LANGUAGE_STANDARD = gnu11;
				GCC_DYNAMIC_NO_PIC = NO;
				GCC_NO_COMMON_BLOCKS = YES;
				GCC_OPTIMIZATION_LEVEL = 0;
				GCC_PREPROCESSOR_DEFINITIONS = (
					"DEBUG=1",
					"$(inherited)",
				);
				GCC_WARN_64_TO_32_BIT_CONVERSION = YES;
				GCC_WARN_ABOUT_RETURN_TYPE = YES_ERROR;
				GCC_WARN_UNDECLARED_SELECTOR = YES;
				GCC_WARN_UNINITIALIZED_AUTOS = YES_AGGRESSIVE;
				GCC_WARN_UNUSED_FUNCTION = YES;
				GCC_WARN_UNUSED_VARIABLE = YES;
				IPHONEOS_DEPLOYMENT_TARGET = 11.2;
				MTL_ENABLE_DEBUG_INFO = YES;
				ONLY_ACTIVE_ARCH = YES;
				SDKROOT = iphoneos;
				SWIFT_ACTIVE_COMPILATION_CONDITIONS = DEBUG;
				SWIFT_OPTIMIZATION_LEVEL = "-Onone";
			};
			name = Debug;
		};
		18A4C9FF2033889D00C216C3 /* Release */ = {
			isa = XCBuildConfiguration;
			buildSettings = {
				ALWAYS_SEARCH_USER_PATHS = NO;
				CLANG_ANALYZER_NONNULL = YES;
				CLANG_ANALYZER_NUMBER_OBJECT_CONVERSION = YES_AGGRESSIVE;
				CLANG_CXX_LANGUAGE_STANDARD = "gnu++14";
				CLANG_CXX_LIBRARY = "libc++";
				CLANG_ENABLE_MODULES = YES;
				CLANG_ENABLE_OBJC_ARC = YES;
				CLANG_WARN_BLOCK_CAPTURE_AUTORELEASING = YES;
				CLANG_WARN_BOOL_CONVERSION = YES;
				CLANG_WARN_COMMA = YES;
				CLANG_WARN_CONSTANT_CONVERSION = YES;
				CLANG_WARN_DIRECT_OBJC_ISA_USAGE = YES_ERROR;
				CLANG_WARN_DOCUMENTATION_COMMENTS = YES;
				CLANG_WARN_EMPTY_BODY = YES;
				CLANG_WARN_ENUM_CONVERSION = YES;
				CLANG_WARN_INFINITE_RECURSION = YES;
				CLANG_WARN_INT_CONVERSION = YES;
				CLANG_WARN_NON_LITERAL_NULL_CONVERSION = YES;
				CLANG_WARN_OBJC_LITERAL_CONVERSION = YES;
				CLANG_WARN_OBJC_ROOT_CLASS = YES_ERROR;
				CLANG_WARN_RANGE_LOOP_ANALYSIS = YES;
				CLANG_WARN_STRICT_PROTOTYPES = YES;
				CLANG_WARN_SUSPICIOUS_MOVE = YES;
				CLANG_WARN_UNGUARDED_AVAILABILITY = YES_AGGRESSIVE;
				CLANG_WARN_UNREACHABLE_CODE = YES;
				CLANG_WARN__DUPLICATE_METHOD_MATCH = YES;
				CODE_SIGN_IDENTITY = "iPhone Developer";
				COPY_PHASE_STRIP = NO;
				DEBUG_INFORMATION_FORMAT = "dwarf-with-dsym";
				ENABLE_NS_ASSERTIONS = NO;
				ENABLE_STRICT_OBJC_MSGSEND = YES;
				GCC_C_LANGUAGE_STANDARD = gnu11;
				GCC_NO_COMMON_BLOCKS = YES;
				GCC_WARN_64_TO_32_BIT_CONVERSION = YES;
				GCC_WARN_ABOUT_RETURN_TYPE = YES_ERROR;
				GCC_WARN_UNDECLARED_SELECTOR = YES;
				GCC_WARN_UNINITIALIZED_AUTOS = YES_AGGRESSIVE;
				GCC_WARN_UNUSED_FUNCTION = YES;
				GCC_WARN_UNUSED_VARIABLE = YES;
				IPHONEOS_DEPLOYMENT_TARGET = 11.2;
				MTL_ENABLE_DEBUG_INFO = NO;
				SDKROOT = iphoneos;
				SWIFT_OPTIMIZATION_LEVEL = "-Owholemodule";
				VALIDATE_PRODUCT = YES;
			};
			name = Release;
		};
		18A4CA012033889D00C216C3 /* Debug */ = {
			isa = XCBuildConfiguration;
			buildSettings = {
				ASSETCATALOG_COMPILER_APPICON_NAME = AppIcon;
				CODE_SIGN_STYLE = Automatic;
				DEVELOPMENT_TEAM = 8NCTK3T989;
				INFOPLIST_FILE = UAE/Info.plist;
				LD_RUNPATH_SEARCH_PATHS = "$(inherited) @executable_path/Frameworks";
				PRODUCT_BUNDLE_IDENTIFIER = "com.-syntaxerror.UAE";
				PRODUCT_NAME = "$(TARGET_NAME)";
				SWIFT_VERSION = 4.0;
				TARGETED_DEVICE_FAMILY = "1,2";
			};
			name = Debug;
		};
		18A4CA022033889D00C216C3 /* Release */ = {
			isa = XCBuildConfiguration;
			buildSettings = {
				ASSETCATALOG_COMPILER_APPICON_NAME = AppIcon;
				CODE_SIGN_STYLE = Automatic;
				DEVELOPMENT_TEAM = 8NCTK3T989;
				INFOPLIST_FILE = UAE/Info.plist;
				LD_RUNPATH_SEARCH_PATHS = "$(inherited) @executable_path/Frameworks";
				PRODUCT_BUNDLE_IDENTIFIER = "com.-syntaxerror.UAE";
				PRODUCT_NAME = "$(TARGET_NAME)";
				SWIFT_VERSION = 4.0;
				TARGETED_DEVICE_FAMILY = "1,2";
			};
			name = Release;
		};
/* End XCBuildConfiguration section */

/* Begin XCConfigurationList section */
		18A4C9E92033889D00C216C3 /* Build configuration list for PBXProject "UAE" */ = {
			isa = XCConfigurationList;
			buildConfigurations = (
				18A4C9FE2033889D00C216C3 /* Debug */,
				18A4C9FF2033889D00C216C3 /* Release */,
			);
			defaultConfigurationIsVisible = 0;
			defaultConfigurationName = Release;
		};
		18A4CA002033889D00C216C3 /* Build configuration list for PBXNativeTarget "UAE" */ = {
			isa = XCConfigurationList;
			buildConfigurations = (
				18A4CA012033889D00C216C3 /* Debug */,
				18A4CA022033889D00C216C3 /* Release */,
			);
			defaultConfigurationIsVisible = 0;
			defaultConfigurationName = Release;
		};
/* End XCConfigurationList section */
	};
	rootObject = 18A4C9E62033889D00C216C3 /* Project object */;
}
